
Microsoft Visual Studio Solution File, Format Version 12.00
# Visual Studio Version 17
VisualStudioVersion = 17.10.35027.167
MinimumVisualStudioVersion = 10.0.40219.1
Project("{FAE04EC0-301F-11D3-BF4B-00C04F79EFBC}") = "2 zad", "2 zad\2 zad.csproj", "{5AF3BE10-5807-44D6-A8EF-4CD92613420D}"
EndProject
Global
	GlobalSection(SolutionConfigurationPlatforms) = preSolution
		Debug|Any CPU = Debug|Any CPU
		Release|Any CPU = Release|Any CPU
	EndGlobalSection
	GlobalSection(ProjectConfigurationPlatforms) = postSolution
		{5AF3BE10-5807-44D6-A8EF-4CD92613420D}.Debug|Any CPU.ActiveCfg = Debug|Any CPU
		{5AF3BE10-5807-44D6-A8EF-4CD92613420D}.Debug|Any CPU.Build.0 = Debug|Any CPU
		{5AF3BE10-5807-44D6-A8EF-4CD92613420D}.Release|Any CPU.ActiveCfg = Release|Any CPU
		{5AF3BE10-5807-44D6-A8EF-4CD92613420D}.Release|Any CPU.Build.0 = Release|Any CPU
	EndGlobalSection
	GlobalSection(SolutionProperties) = preSolution
		HideSolutionNode = FALSE
	EndGlobalSection
	GlobalSection(ExtensibilityGlobals) = postSolution
		SolutionGuid = {49E0C4C0-818D-4699-B159-8DA8677FC791}
	EndGlobalSection
EndGlobal
